
Microsoft Visual Studio Solution File, Format Version 12.00
Project("{FAE04EC0-301F-11D3-BF4B-00C04F79EFBC}") = "EcommerceCore.Api", "EcommerceCore.Api\EcommerceCore.Api.csproj", "{1D5C3ADF-9145-4FAF-BC3E-FF2F06D9BD10}"
EndProject
Project("{FAE04EC0-301F-11D3-BF4B-00C04F79EFBC}") = "EcommerceCore.Api.IntegrationTests", "EcommerceCore.Api.IntegrationTests\EcommerceCore.Api.IntegrationTests.csproj", "{0BA67212-F764-4971-BD7C-63C13E7CC09A}"
EndProject
Project("{FAE04EC0-301F-11D3-BF4B-00C04F79EFBC}") = "EcommerceCore.Application.UnitTests", "EcommerceCore.Application.UnitTests\EcommerceCore.Application.UnitTests.csproj", "{EFE0BFBC-1447-454B-8D52-65C2C61A8E47}"
EndProject
Project("{FAE04EC0-301F-11D3-BF4B-00C04F79EFBC}") = "EcommerceCore.Domain", "EcommerceCore.Domain\EcommerceCore.Domain.csproj", "{4A45D83C-A89C-4F46-9E43-B0AEBBE4C8B1}"
EndProject
Project("{FAE04EC0-301F-11D3-BF4B-00C04F79EFBC}") = "EcommerceCore.Application", "EcommerceCore.Application\EcommerceCore.Application.csproj", "{929C1016-4E9A-4AC9-925D-F44508BAA18F}"
EndProject
Project("{FAE04EC0-301F-11D3-BF4B-00C04F79EFBC}") = "EcommerceCore.Infrastructure", "EcommerceCore.Infrastructure\EcommerceCore.Infrastructure.csproj", "{9CDA842A-2E87-41FF-8B21-C94A5D134A02}"
EndProject
Global
	GlobalSection(SolutionConfigurationPlatforms) = preSolution
		Debug|Any CPU = Debug|Any CPU
		Release|Any CPU = Release|Any CPU
	EndGlobalSection
	GlobalSection(ProjectConfigurationPlatforms) = postSolution
		{1D5C3ADF-9145-4FAF-BC3E-FF2F06D9BD10}.Debug|Any CPU.ActiveCfg = Debug|Any CPU
		{1D5C3ADF-9145-4FAF-BC3E-FF2F06D9BD10}.Debug|Any CPU.Build.0 = Debug|Any CPU
		{1D5C3ADF-9145-4FAF-BC3E-FF2F06D9BD10}.Release|Any CPU.ActiveCfg = Release|Any CPU
		{1D5C3ADF-9145-4FAF-BC3E-FF2F06D9BD10}.Release|Any CPU.Build.0 = Release|Any CPU
		{0BA67212-F764-4971-BD7C-63C13E7CC09A}.Debug|Any CPU.ActiveCfg = Debug|Any CPU
		{0BA67212-F764-4971-BD7C-63C13E7CC09A}.Debug|Any CPU.Build.0 = Debug|Any CPU
		{0BA67212-F764-4971-BD7C-63C13E7CC09A}.Release|Any CPU.ActiveCfg = Release|Any CPU
		{0BA67212-F764-4971-BD7C-63C13E7CC09A}.Release|Any CPU.Build.0 = Release|Any CPU
		{EFE0BFBC-1447-454B-8D52-65C2C61A8E47}.Debug|Any CPU.ActiveCfg = Debug|Any CPU
		{EFE0BFBC-1447-454B-8D52-65C2C61A8E47}.Debug|Any CPU.Build.0 = Debug|Any CPU
		{EFE0BFBC-1447-454B-8D52-65C2C61A8E47}.Release|Any CPU.ActiveCfg = Release|Any CPU
		{EFE0BFBC-1447-454B-8D52-65C2C61A8E47}.Release|Any CPU.Build.0 = Release|Any CPU
		{4A45D83C-A89C-4F46-9E43-B0AEBBE4C8B1}.Debug|Any CPU.ActiveCfg = Debug|Any CPU
		{4A45D83C-A89C-4F46-9E43-B0AEBBE4C8B1}.Debug|Any CPU.Build.0 = Debug|Any CPU
		{4A45D83C-A89C-4F46-9E43-B0AEBBE4C8B1}.Release|Any CPU.ActiveCfg = Release|Any CPU
		{4A45D83C-A89C-4F46-9E43-B0AEBBE4C8B1}.Release|Any CPU.Build.0 = Release|Any CPU
		{929C1016-4E9A-4AC9-925D-F44508BAA18F}.Debug|Any CPU.ActiveCfg = Debug|Any CPU
		{929C1016-4E9A-4AC9-925D-F44508BAA18F}.Debug|Any CPU.Build.0 = Debug|Any CPU
		{929C1016-4E9A-4AC9-925D-F44508BAA18F}.Release|Any CPU.ActiveCfg = Release|Any CPU
		{929C1016-4E9A-4AC9-925D-F44508BAA18F}.Release|Any CPU.Build.0 = Release|Any CPU
		{9CDA842A-2E87-41FF-8B21-C94A5D134A02}.Debug|Any CPU.ActiveCfg = Debug|Any CPU
		{9CDA842A-2E87-41FF-8B21-C94A5D134A02}.Debug|Any CPU.Build.0 = Debug|Any CPU
		{9CDA842A-2E87-41FF-8B21-C94A5D134A02}.Release|Any CPU.ActiveCfg = Release|Any CPU
		{9CDA842A-2E87-41FF-8B21-C94A5D134A02}.Release|Any CPU.Build.0 = Release|Any CPU
	EndGlobalSection
EndGlobal
